Microsoft Visual Studio Solution File, Format Version 12.00
# Visual Studio Version 17
VisualStudioVersion = 17.5.2.0
MinimumVisualStudioVersion = 10.0.40219.1
Project("{FAE04EC0-301F-11D3-BF4B-00C04F79EFBC}") = "fncvalidacpf", "fncvalidacpf.csproj", "{83247D46-1D45-AF5D-2AB0-416B6F56A67E}"
EndProject
Global
	GlobalSection(SolutionConfigurationPlatforms) = preSolution
		Debug|Any CPU = Debug|Any CPU
		Release|Any CPU = Release|Any CPU
	EndGlobalSection
	GlobalSection(ProjectConfigurationPlatforms) = postSolution
		{83247D46-1D45-AF5D-2AB0-416B6F56A67E}.Debug|Any CPU.ActiveCfg = Debug|Any CPU
		{83247D46-1D45-AF5D-2AB0-416B6F56A67E}.Debug|Any CPU.Build.0 = Debug|Any CPU
		{83247D46-1D45-AF5D-2AB0-416B6F56A67E}.Release|Any CPU.ActiveCfg = Release|Any CPU
		{83247D46-1D45-AF5D-2AB0-416B6F56A67E}.Release|Any CPU.Build.0 = Release|Any CPU
	EndGlobalSection
	GlobalSection(SolutionProperties) = preSolution
		HideSolutionNode = FALSE
	EndGlobalSection
	GlobalSection(ExtensibilityGlobals) = postSolution
		SolutionGuid = {1B2908E1-999C-46F2-9A37-07DA207B5F1A}
	EndGlobalSection
EndGlobal
